{
  "bin/bundle:247448467": [
    [64, 5, 20, "ThreadSafety/ClassInstanceVariable: Avoid class instance variables.", 2485198147]
  ],
  "spec/activesupport/broadcast_logger_spec.rb:1414317146": [
    [3, 1, 45, "RSpec/SpecFilePathFormat: Spec path should end with `active_support/broadcast_logger*_spec.rb`.", 3293372633],
    [4, 3, 1568, "RSpec/LeakyConstantDeclaration: Stub class constant instead of declaring explicitly.", 110657397],
    [59, 7, 9, "RSpec/InstanceVariable: Avoid instance variables - use let, a method call, or a local variable (if possible).", 1964929597],
    [63, 7, 5, "RSpec/InstanceVariable: Avoid instance variables - use let, a method call, or a local variable (if possible).", 213359511],
    [92, 3, 235, "RSpec/LeakyConstantDeclaration: Stub class constant instead of declaring explicitly.", 3770128148],
    [100, 3, 436, "RSpec/LeakyConstantDeclaration: Stub class constant instead of declaring explicitly.", 2076209815],
    [117, 35, 5, "RSpec/InstanceVariable: Avoid instance variables - use let, a method call, or a local variable (if possible).", 213747024],
    [117, 42, 5, "RSpec/InstanceVariable: Avoid instance variables - use let, a method call, or a local variable (if possible).", 213747027],
    [125, 7, 7, "RSpec/InstanceVariable: Avoid instance variables - use let, a method call, or a local variable (if possible).", 842193521],
    [127, 41, 5, "RSpec/InstanceVariable: Avoid instance variables - use let, a method call, or a local variable (if possible).", 213747024],
    [128, 41, 5, "RSpec/InstanceVariable: Avoid instance variables - use let, a method call, or a local variable (if possible).", 213747027],
    [132, 3, 153, "RSpec/NoExpectationExample: No expectation found in this example.", 1879174737],
    [133, 5, 7, "RSpec/InstanceVariable: Avoid instance variables - use let, a method call, or a local variable (if possible).", 842193521],
    [135, 12, 5, "RSpec/InstanceVariable: Avoid instance variables - use let, a method call, or a local variable (if possible).", 213747024],
    [136, 12, 5, "RSpec/InstanceVariable: Avoid instance variables - use let, a method call, or a local variable (if possible).", 213747027],
    [140, 5, 7, "RSpec/InstanceVariable: Avoid instance variables - use let, a method call, or a local variable (if possible).", 842193521],
    [142, 27, 5, "RSpec/InstanceVariable: Avoid instance variables - use let, a method call, or a local variable (if possible).", 213747024],
    [143, 27, 5, "RSpec/InstanceVariable: Avoid instance variables - use let, a method call, or a local variable (if possible).", 213747027],
    [147, 33, 5, "RSpec/InstanceVariable: Avoid instance variables - use let, a method call, or a local variable (if possible).", 213747024],
    [148, 5, 7, "RSpec/InstanceVariable: Avoid instance variables - use let, a method call, or a local variable (if possible).", 842193521],
    [150, 33, 5, "RSpec/InstanceVariable: Avoid instance variables - use let, a method call, or a local variable (if possible).", 213747024],
    [151, 33, 5, "RSpec/InstanceVariable: Avoid instance variables - use let, a method call, or a local variable (if possible).", 213747027],
    [155, 5, 5, "RSpec/InstanceVariable: Avoid instance variables - use let, a method call, or a local variable (if possible).", 213747024],
    [157, 33, 7, "RSpec/InstanceVariable: Avoid instance variables - use let, a method call, or a local variable (if possible).", 842193521],
    [159, 5, 5, "RSpec/InstanceVariable: Avoid instance variables - use let, a method call, or a local variable (if possible).", 213747024],
    [160, 5, 5, "RSpec/InstanceVariable: Avoid instance variables - use let, a method call, or a local variable (if possible).", 213747027],
    [162, 32, 7, "RSpec/InstanceVariable: Avoid instance variables - use let, a method call, or a local variable (if possible).", 842193521],
    [166, 31, 7, "RSpec/InstanceVariable: Avoid instance variables - use let, a method call, or a local variable (if possible).", 842193521],
    [169, 3, 300, "RSpec/ExampleLength: Example has too many lines. [6/5]", 3262213516],
    [170, 16, 5, "RSpec/InstanceVariable: Avoid instance variables - use let, a method call, or a local variable (if possible).", 213747024],
    [171, 16, 5, "RSpec/InstanceVariable: Avoid instance variables - use let, a method call, or a local variable (if possible).", 213747027],
    [173, 5, 7, "RSpec/InstanceVariable: Avoid instance variables - use let, a method call, or a local variable (if possible).", 842193521],
    [175, 25, 7, "RSpec/InstanceVariable: Avoid instance variables - use let, a method call, or a local variable (if possible).", 842193521],
    [176, 16, 5, "RSpec/InstanceVariable: Avoid instance variables - use let, a method call, or a local variable (if possible).", 213747024],
    [177, 16, 5, "RSpec/InstanceVariable: Avoid instance variables - use let, a method call, or a local variable (if possible).", 213747027],
    [181, 5, 7, "RSpec/InstanceVariable: Avoid instance variables - use let, a method call, or a local variable (if possible).", 842193521],
    [183, 33, 5, "RSpec/InstanceVariable: Avoid instance variables - use let, a method call, or a local variable (if possible).", 213747024],
    [184, 33, 5, "RSpec/InstanceVariable: Avoid instance variables - use let, a method call, or a local variable (if possible).", 213747027],
    [188, 33, 5, "RSpec/InstanceVariable: Avoid instance variables - use let, a method call, or a local variable (if possible).", 213747024],
    [189, 5, 7, "RSpec/InstanceVariable: Avoid instance variables - use let, a method call, or a local variable (if possible).", 842193521],
    [191, 33, 5, "RSpec/InstanceVariable: Avoid instance variables - use let, a method call, or a local variable (if possible).", 213747024],
    [192, 33, 5, "RSpec/InstanceVariable: Avoid instance variables - use let, a method call, or a local variable (if possible).", 213747027],
    [210, 7, 7, "RSpec/InstanceVariable: Avoid instance variables - use let, a method call, or a local variable (if possible).", 842193521],
    [214, 7, 7, "RSpec/InstanceVariable: Avoid instance variables - use let, a method call, or a local variable (if possible).", 842193521],
    [216, 16, 7, "RSpec/InstanceVariable: Avoid instance variables - use let, a method call, or a local variable (if possible).", 842193521],
    [216, 45, 32, "RSpec/ExpectChange: Prefer `change(my_logger, :info_called)`.", 4228649382],
    [220, 3, 600, "RSpec/ExampleLength: Example has too many lines. [11/5]", 3374596050],
    [238, 5, 7, "RSpec/InstanceVariable: Avoid instance variables - use let, a method call, or a local variable (if possible).", 842193521],
    [239, 7, 7, "RSpec/InstanceVariable: Avoid instance variables - use let, a method call, or a local variable (if possible).", 842193521],
    [242, 22, 5, "RSpec/InstanceVariable: Avoid instance variables - use let, a method call, or a local variable (if possible).", 213747024],
    [243, 22, 5, "RSpec/InstanceVariable: Avoid instance variables - use let, a method call, or a local variable (if possible).", 213747027],
    [246, 3, 371, "RSpec/ExampleLength: Example has too many lines. [6/5]", 3319959805],
    [247, 5, 7, "RSpec/InstanceVariable: Avoid instance variables - use let, a method call, or a local variable (if possible).", 842193521],
    [248, 7, 7, "RSpec/InstanceVariable: Avoid instance variables - use let, a method call, or a local variable (if possible).", 842193521],
    [249, 7, 7, "RSpec/InstanceVariable: Avoid instance variables - use let, a method call, or a local variable (if possible).", 842193521],
    [252, 96, 5, "RSpec/InstanceVariable: Avoid instance variables - use let, a method call, or a local variable (if possible).", 213747024],
    [253, 96, 5, "RSpec/InstanceVariable: Avoid instance variables - use let, a method call, or a local variable (if possible).", 213747027],
    [256, 3, 286, "RSpec/ExampleLength: Example has too many lines. [6/5]", 4126625942],
    [257, 5, 7, "RSpec/InstanceVariable: Avoid instance variables - use let, a method call, or a local variable (if possible).", 842193521],
    [258, 7, 7, "RSpec/InstanceVariable: Avoid instance variables - use let, a method call, or a local variable (if possible).", 842193521],
    [259, 7, 7, "RSpec/InstanceVariable: Avoid instance variables - use let, a method call, or a local variable (if possible).", 842193521],
    [262, 50, 5, "RSpec/InstanceVariable: Avoid instance variables - use let, a method call, or a local variable (if possible).", 213747024],
    [263, 50, 5, "RSpec/InstanceVariable: Avoid instance variables - use let, a method call, or a local variable (if possible).", 213747027],
    [267, 5, 7, "RSpec/InstanceVariable: Avoid instance variables - use let, a method call, or a local variable (if possible).", 842193521],
    [267, 34, 5, "RSpec/InstanceVariable: Avoid instance variables - use let, a method call, or a local variable (if possible).", 213747027],
    [269, 5, 7, "RSpec/InstanceVariable: Avoid instance variables - use let, a method call, or a local variable (if possible).", 842193521],
    [271, 39, 5, "RSpec/InstanceVariable: Avoid instance variables - use let, a method call, or a local variable (if possible).", 213747024],
    [272, 18, 5, "RSpec/InstanceVariable: Avoid instance variables - use let, a method call, or a local variable (if possible).", 213747027],
    [275, 3, 426, "RSpec/ExampleLength: Example has too many lines. [9/5]", 1661598962],
    [278, 39, 5, "RSpec/InstanceVariable: Avoid instance variables - use let, a method call, or a local variable (if possible).", 213747026],
    [278, 46, 5, "RSpec/InstanceVariable: Avoid instance variables - use let, a method call, or a local variable (if possible).", 213747029],
    [280, 5, 7, "RSpec/InstanceVariable: Avoid instance variables - use let, a method call, or a local variable (if possible).", 842193521],
    [280, 26, 11, "RSpec/InstanceVariable: Avoid instance variables - use let, a method call, or a local variable (if possible).", 1152463016],
    [281, 5, 7, "RSpec/InstanceVariable: Avoid instance variables - use let, a method call, or a local variable (if possible).", 842193521],
    [283, 39, 5, "RSpec/InstanceVariable: Avoid instance variables - use let, a method call, or a local variable (if possible).", 213747024],
    [284, 39, 5, "RSpec/InstanceVariable: Avoid instance variables - use let, a method call, or a local variable (if possible).", 213747027],
    [285, 39, 5, "RSpec/InstanceVariable: Avoid instance variables - use let, a method call, or a local variable (if possible).", 213747026],
    [286, 39, 5, "RSpec/InstanceVariable: Avoid instance variables - use let, a method call, or a local variable (if possible).", 213747029],
    [290, 5, 5, "RSpec/InstanceVariable: Avoid instance variables - use let, a method call, or a local variable (if possible).", 213747024],
    [291, 5, 5, "RSpec/InstanceVariable: Avoid instance variables - use let, a method call, or a local variable (if possible).", 213747027],
    [293, 22, 7, "RSpec/InstanceVariable: Avoid instance variables - use let, a method call, or a local variable (if possible).", 842193521],
    [297, 5, 5, "RSpec/InstanceVariable: Avoid instance variables - use let, a method call, or a local variable (if possible).", 213747024],
    [298, 5, 5, "RSpec/InstanceVariable: Avoid instance variables - use let, a method call, or a local variable (if possible).", 213747027],
    [300, 26, 7, "RSpec/InstanceVariable: Avoid instance variables - use let, a method call, or a local variable (if possible).", 842193521],
    [304, 5, 5, "RSpec/InstanceVariable: Avoid instance variables - use let, a method call, or a local variable (if possible).", 213747024],
    [305, 5, 5, "RSpec/InstanceVariable: Avoid instance variables - use let, a method call, or a local variable (if possible).", 213747027],
    [307, 22, 7, "RSpec/InstanceVariable: Avoid instance variables - use let, a method call, or a local variable (if possible).", 842193521],
    [311, 5, 5, "RSpec/InstanceVariable: Avoid instance variables - use let, a method call, or a local variable (if possible).", 213747024],
    [312, 5, 5, "RSpec/InstanceVariable: Avoid instance variables - use let, a method call, or a local variable (if possible).", 213747027],
    [314, 26, 7, "RSpec/InstanceVariable: Avoid instance variables - use let, a method call, or a local variable (if possible).", 842193521],
    [318, 5, 5, "RSpec/InstanceVariable: Avoid instance variables - use let, a method call, or a local variable (if possible).", 213747024],
    [319, 5, 5, "RSpec/InstanceVariable: Avoid instance variables - use let, a method call, or a local variable (if possible).", 213747027],
    [321, 22, 7, "RSpec/InstanceVariable: Avoid instance variables - use let, a method call, or a local variable (if possible).", 842193521],
    [325, 5, 5, "RSpec/InstanceVariable: Avoid instance variables - use let, a method call, or a local variable (if possible).", 213747024],
    [326, 5, 5, "RSpec/InstanceVariable: Avoid instance variables - use let, a method call, or a local variable (if possible).", 213747027],
    [328, 26, 7, "RSpec/InstanceVariable: Avoid instance variables - use let, a method call, or a local variable (if possible).", 842193521],
    [332, 5, 5, "RSpec/InstanceVariable: Avoid instance variables - use let, a method call, or a local variable (if possible).", 213747024],
    [333, 5, 5, "RSpec/InstanceVariable: Avoid instance variables - use let, a method call, or a local variable (if possible).", 213747027],
    [335, 22, 7, "RSpec/InstanceVariable: Avoid instance variables - use let, a method call, or a local variable (if possible).", 842193521],
    [339, 5, 5, "RSpec/InstanceVariable: Avoid instance variables - use let, a method call, or a local variable (if possible).", 213747024],
    [340, 5, 5, "RSpec/InstanceVariable: Avoid instance variables - use let, a method call, or a local variable (if possible).", 213747027],
    [342, 26, 7, "RSpec/InstanceVariable: Avoid instance variables - use let, a method call, or a local variable (if possible).", 842193521],
    [346, 5, 5, "RSpec/InstanceVariable: Avoid instance variables - use let, a method call, or a local variable (if possible).", 213747024],
    [347, 5, 5, "RSpec/InstanceVariable: Avoid instance variables - use let, a method call, or a local variable (if possible).", 213747027],
    [349, 22, 7, "RSpec/InstanceVariable: Avoid instance variables - use let, a method call, or a local variable (if possible).", 842193521],
    [353, 5, 5, "RSpec/InstanceVariable: Avoid instance variables - use let, a method call, or a local variable (if possible).", 213747024],
    [354, 5, 5, "RSpec/InstanceVariable: Avoid instance variables - use let, a method call, or a local variable (if possible).", 213747027],
    [356, 26, 7, "RSpec/InstanceVariable: Avoid instance variables - use let, a method call, or a local variable (if possible).", 842193521],
    [361, 7, 7, "RSpec/InstanceVariable: Avoid instance variables - use let, a method call, or a local variable (if possible).", 842193521],
    [365, 3, 159, "RSpec/NoExpectationExample: No expectation found in this example.", 696611764],
    [377, 3, 180, "RSpec/NoExpectationExample: No expectation found in this example.", 3095623219],
    [383, 3, 335, "RSpec/ExampleLength: Example has too many lines. [9/5]", 1907631007],
    [395, 3, 331, "RSpec/ExampleLength: Example has too many lines. [8/5]", 625205469],
    [397, 5, 7, "RSpec/InstanceVariable: Avoid instance variables - use let, a method call, or a local variable (if possible).", 842193521],
    [403, 50, 5, "RSpec/InstanceVariable: Avoid instance variables - use let, a method call, or a local variable (if possible).", 213747024],
    [404, 50, 5, "RSpec/InstanceVariable: Avoid instance variables - use let, a method call, or a local variable (if possible).", 213747027],
    [407, 3, 187, "RSpec/ExampleLength: Example has too many lines. [6/5]", 46860992],
    [407, 3, 187, "RSpec/NoExpectationExample: No expectation found in this example.", 46860992],
    [417, 3, 130, "RSpec/NoExpectationExample: No expectation found in this example.", 358517765],
    [423, 3, 139, "RSpec/NoExpectationExample: No expectation found in this example.", 4076486009],
    [429, 3, 370, "RSpec/ExampleLength: Example has too many lines. [7/5]", 1210661167],
    [442, 24, 7, "RSpec/InstanceVariable: Avoid instance variables - use let, a method call, or a local variable (if possible).", 842193521],
    [443, 24, 7, "RSpec/InstanceVariable: Avoid instance variables - use let, a method call, or a local variable (if possible).", 842193521]
  ]
}
